<?xml version="1.0" encoding="utf-8"?>
<Project ToolsVersion="4.0" xmlns="http://schemas.microsoft.com/developer/msbuild/2003">
  <ItemGroup>
    <Filter Include="Source Files">
      <UniqueIdentifier>{617fba6a-e16a-40fc-8d92-90cd799cafae}</UniqueIdentifier>
      <Extensions>cpp;c;cxx;def;odl;idl;hpj;bat;asm</Extensions>
    </Filter>
    <Filter Include="Header Files">
      <UniqueIdentifier>{7f99961d-4683-4865-a331-84526a97514e}</UniqueIdentifier>
      <Extensions>h;hpp;hxx;hm;inl;inc</Extensions>
    </Filter>
    <Filter Include="Resource Files">
      <UniqueIdentifier>{e2ad65b2-a474-4df4-b7f2-7dc60c42efa6}</UniqueIdentifier>
      <Extensions>rc;ico;cur;bmp;dlg;rc2;rct;bin;rgs;gif;jpg;jpeg;jpe</Extensions>
    </Filter>
  </ItemGroup>
  <ItemGroup>
    <ClCompile Include="..\src\cpu.c">
      <Filter>Source Files</Filter>
    </ClCompile>
    <ClCompile Include="..\src\errorlogging.c">
      <Filter>Source Files</Filter>
    </ClCompile>
    <ClCompile Include="..\src\gettext_support.c">
      <Filter>Source Files</Filter>
    </ClCompile>
    <ClCompile Include="..\src\numerics.c">
      <Filter>Source Files</Filter>
    </ClCompile>
    <ClCompile Include="..\src\os.c">
      <Filter>Source Files</Filter>
    </ClCompile>
    <ClCompile Include="..\src\portable.c">
      <Filter>Source Files</Filter>
    </ClCompile>
    <ClCompile Include="..\src\pthread_attributes.c">
      <Filter>Source Files</Filter>
    </ClCompile>
    <ClCompile Include="..\src\pthreader.c">
      <Filter>Source Files</Filter>
    </ClCompile>
    <ClCompile Include="..\src\syncher.c">
      <Filter>Source Files</Filter>
    </ClCompile>
    <ClCompile Include="..\src\xstrings.c">
      <Filter>Source Files</Filter>
    </ClCompile>
  </ItemGroup>
  <ItemGroup>
    <ClInclude Include="..\include\xpc\cpu.h">
      <Filter>Header Files</Filter>
    </ClInclude>
    <ClInclude Include="..\include\xpc\errorlogging.h">
      <Filter>Header Files</Filter>
    </ClInclude>
    <ClInclude Include="..\include\xpc\file_macros.h">
      <Filter>Header Files</Filter>
    </ClInclude>
    <ClInclude Include="..\include\xpc\gettext_support.h">
      <Filter>Header Files</Filter>
    </ClInclude>
    <ClInclude Include="..\include\xpc\integers.h">
      <Filter>Header Files</Filter>
    </ClInclude>
    <ClInclude Include="..\include\xpc\macros.h">
      <Filter>Header Files</Filter>
    </ClInclude>
    <ClInclude Include="..\include\xpc\numerics.h">
      <Filter>Header Files</Filter>
    </ClInclude>
    <ClInclude Include="..\include\xpc\os.h">
      <Filter>Header Files</Filter>
    </ClInclude>
    <ClInclude Include="..\include\xpc\portable.h">
      <Filter>Header Files</Filter>
    </ClInclude>
    <ClInclude Include="..\include\xpc\pthread_attributes.h">
      <Filter>Header Files</Filter>
    </ClInclude>
    <ClInclude Include="..\include\xpc\pthreader.h">
      <Filter>Header Files</Filter>
    </ClInclude>
    <ClInclude Include="..\include\xpc\syncher.h">
      <Filter>Header Files</Filter>
    </ClInclude>
    <ClInclude Include="..\include\xpc\xstrings.h">
      <Filter>Header Files</Filter>
    </ClInclude>
    <ClInclude Include="..\include\xpc\xwinsock.h">
      <Filter>Header Files</Filter>
    </ClInclude>
  </ItemGroup>
</Project>